
Microsoft Visual Studio Solution File, Format Version 12.00
# Visual Studio Version 16
VisualStudioVersion = 16.0.29409.12
MinimumVisualStudioVersion = 10.0.40219.1
Project("{FAE04EC0-301F-11D3-BF4B-00C04F79EFBC}") = "EratosthenesSieb.ConsoleApp", "EratosthenesSieb.ConsoleApp\EratosthenesSieb.ConsoleApp.csproj", "{2DAAD513-6C69-4ECC-842F-E5ECB044E792}"
EndProject
Global
	GlobalSection(SolutionConfigurationPlatforms) = preSolution
		Debug|Any CPU = Debug|Any CPU
		Release|Any CPU = Release|Any CPU
	EndGlobalSection
	GlobalSection(ProjectConfigurationPlatforms) = postSolution
		{2DAAD513-6C69-4ECC-842F-E5ECB044E792}.Debug|Any CPU.ActiveCfg = Debug|Any CPU
		{2DAAD513-6C69-4ECC-842F-E5ECB044E792}.Debug|Any CPU.Build.0 = Debug|Any CPU
		{2DAAD513-6C69-4ECC-842F-E5ECB044E792}.Release|Any CPU.ActiveCfg = Release|Any CPU
		{2DAAD513-6C69-4ECC-842F-E5ECB044E792}.Release|Any CPU.Build.0 = Release|Any CPU
	EndGlobalSection
	GlobalSection(SolutionProperties) = preSolution
		HideSolutionNode = FALSE
	EndGlobalSection
	GlobalSection(ExtensibilityGlobals) = postSolution
		SolutionGuid = {B17E0251-4297-4A54-A361-924C58DF67B2}
	EndGlobalSection
EndGlobal
